
Microsoft Visual Studio Solution File, Format Version 12.00
# Visual Studio Version 16
VisualStudioVersion = 16.0.29613.14
MinimumVisualStudioVersion = 10.0.40219.1
Project("{9A19103F-16F7-4668-BE54-9A1E7A4F7556}") = "Fcz.Navi.Api.Services", "Fcz.Navi.Api.Services\Fcz.Navi.Api.Services.csproj", "{4B77046A-CA97-4499-854B-F701CBD3688B}"
EndProject
Project("{9A19103F-16F7-4668-BE54-9A1E7A4F7556}") = "Fcz.Navi.Api.Repositories", "Fcz.Navi.Api.Repositories\Fcz.Navi.Api.Repositories.csproj", "{8030A475-8A05-4CC8-B64F-54C20CDBE3DF}"
EndProject
Project("{9A19103F-16F7-4668-BE54-9A1E7A4F7556}") = "Fcz.Navi.Api.Models", "Fcz.Navi.Api.Models\Fcz.Navi.Api.Models.csproj", "{DD478D11-ADF3-4B3A-8BE5-0C2A6BE8A39A}"
EndProject
Project("{9A19103F-16F7-4668-BE54-9A1E7A4F7556}") = "Fcz.Navi.Api.WebApi", "Fcz.Navi.Api.WebApi\Fcz.Navi.Api.WebApi.csproj", "{018A3469-9110-43B9-93D9-6A12866E7D78}"
EndProject
Project("{FAE04EC0-301F-11D3-BF4B-00C04F79EFBC}") = "Fcz.Navi.Tests", "Fcz.Navi.Tests\Fcz.Navi.Tests.csproj", "{499DA542-2124-4206-96A0-32CD25F81FF8}"
EndProject
Global
	GlobalSection(SolutionConfigurationPlatforms) = preSolution
		Debug|Any CPU = Debug|Any CPU
		Release|Any CPU = Release|Any CPU
	EndGlobalSection
	GlobalSection(ProjectConfigurationPlatforms) = postSolution
		{4B77046A-CA97-4499-854B-F701CBD3688B}.Debug|Any CPU.ActiveCfg = Debug|Any CPU
		{4B77046A-CA97-4499-854B-F701CBD3688B}.Debug|Any CPU.Build.0 = Debug|Any CPU
		{4B77046A-CA97-4499-854B-F701CBD3688B}.Release|Any CPU.ActiveCfg = Release|Any CPU
		{4B77046A-CA97-4499-854B-F701CBD3688B}.Release|Any CPU.Build.0 = Release|Any CPU
		{8030A475-8A05-4CC8-B64F-54C20CDBE3DF}.Debug|Any CPU.ActiveCfg = Debug|Any CPU
		{8030A475-8A05-4CC8-B64F-54C20CDBE3DF}.Debug|Any CPU.Build.0 = Debug|Any CPU
		{8030A475-8A05-4CC8-B64F-54C20CDBE3DF}.Release|Any CPU.ActiveCfg = Release|Any CPU
		{8030A475-8A05-4CC8-B64F-54C20CDBE3DF}.Release|Any CPU.Build.0 = Release|Any CPU
		{DD478D11-ADF3-4B3A-8BE5-0C2A6BE8A39A}.Debug|Any CPU.ActiveCfg = Debug|Any CPU
		{DD478D11-ADF3-4B3A-8BE5-0C2A6BE8A39A}.Debug|Any CPU.Build.0 = Debug|Any CPU
		{DD478D11-ADF3-4B3A-8BE5-0C2A6BE8A39A}.Release|Any CPU.ActiveCfg = Release|Any CPU
		{DD478D11-ADF3-4B3A-8BE5-0C2A6BE8A39A}.Release|Any CPU.Build.0 = Release|Any CPU
		{018A3469-9110-43B9-93D9-6A12866E7D78}.Debug|Any CPU.ActiveCfg = Debug|Any CPU
		{018A3469-9110-43B9-93D9-6A12866E7D78}.Debug|Any CPU.Build.0 = Debug|Any CPU
		{018A3469-9110-43B9-93D9-6A12866E7D78}.Release|Any CPU.ActiveCfg = Release|Any CPU
		{018A3469-9110-43B9-93D9-6A12866E7D78}.Release|Any CPU.Build.0 = Release|Any CPU
		{499DA542-2124-4206-96A0-32CD25F81FF8}.Debug|Any CPU.ActiveCfg = Debug|Any CPU
		{499DA542-2124-4206-96A0-32CD25F81FF8}.Debug|Any CPU.Build.0 = Debug|Any CPU
		{499DA542-2124-4206-96A0-32CD25F81FF8}.Release|Any CPU.ActiveCfg = Release|Any CPU
		{499DA542-2124-4206-96A0-32CD25F81FF8}.Release|Any CPU.Build.0 = Release|Any CPU
	EndGlobalSection
	GlobalSection(SolutionProperties) = preSolution
		HideSolutionNode = FALSE
	EndGlobalSection
	GlobalSection(ExtensibilityGlobals) = postSolution
		SolutionGuid = {F1CF0EEA-B6C3-4E07-9900-AA9168E05EFF}
	EndGlobalSection
EndGlobal
